
Microsoft Visual Studio Solution File, Format Version 12.00
Project("{FAE04EC0-301F-11D3-BF4B-00C04F79EFBC}") = "Search", "Search\Search.csproj", "{9E4BF6FD-5C43-4CF8-A065-DC7E91663CBF}"
EndProject
Project("{FAE04EC0-301F-11D3-BF4B-00C04F79EFBC}") = "Search.Data", "Search.Data\Search.Data.csproj", "{57170F3F-303A-48DD-A203-66391D9532BD}"
EndProject
Project("{FAE04EC0-301F-11D3-BF4B-00C04F79EFBC}") = "Search.Service", "Search.Service\Search.Service.csproj", "{58D2BAE0-6B46-4DFC-A4BB-B9CAD541C940}"
EndProject
Project("{FAE04EC0-301F-11D3-BF4B-00C04F79EFBC}") = "Search.Test", "Search.Test\Search.Test.csproj", "{D9D6E57C-09CA-4E0C-A7FC-7A25BE2B351E}"
EndProject
Project("{FAE04EC0-301F-11D3-BF4B-00C04F79EFBC}") = "Search.APi", "Search.APi\Search.APi.csproj", "{EB1DC601-EA51-4B64-AC6D-18E98C4AC7DD}"
EndProject
Global
	GlobalSection(SolutionConfigurationPlatforms) = preSolution
		Debug|Any CPU = Debug|Any CPU
		Release|Any CPU = Release|Any CPU
	EndGlobalSection
	GlobalSection(ProjectConfigurationPlatforms) = postSolution
		{9E4BF6FD-5C43-4CF8-A065-DC7E91663CBF}.Debug|Any CPU.ActiveCfg = Debug|Any CPU
		{9E4BF6FD-5C43-4CF8-A065-DC7E91663CBF}.Debug|Any CPU.Build.0 = Debug|Any CPU
		{9E4BF6FD-5C43-4CF8-A065-DC7E91663CBF}.Release|Any CPU.ActiveCfg = Release|Any CPU
		{9E4BF6FD-5C43-4CF8-A065-DC7E91663CBF}.Release|Any CPU.Build.0 = Release|Any CPU
		{57170F3F-303A-48DD-A203-66391D9532BD}.Debug|Any CPU.ActiveCfg = Debug|Any CPU
		{57170F3F-303A-48DD-A203-66391D9532BD}.Debug|Any CPU.Build.0 = Debug|Any CPU
		{57170F3F-303A-48DD-A203-66391D9532BD}.Release|Any CPU.ActiveCfg = Release|Any CPU
		{57170F3F-303A-48DD-A203-66391D9532BD}.Release|Any CPU.Build.0 = Release|Any CPU
		{58D2BAE0-6B46-4DFC-A4BB-B9CAD541C940}.Debug|Any CPU.ActiveCfg = Debug|Any CPU
		{58D2BAE0-6B46-4DFC-A4BB-B9CAD541C940}.Debug|Any CPU.Build.0 = Debug|Any CPU
		{58D2BAE0-6B46-4DFC-A4BB-B9CAD541C940}.Release|Any CPU.ActiveCfg = Release|Any CPU
		{58D2BAE0-6B46-4DFC-A4BB-B9CAD541C940}.Release|Any CPU.Build.0 = Release|Any CPU
		{D9D6E57C-09CA-4E0C-A7FC-7A25BE2B351E}.Debug|Any CPU.ActiveCfg = Debug|Any CPU
		{D9D6E57C-09CA-4E0C-A7FC-7A25BE2B351E}.Debug|Any CPU.Build.0 = Debug|Any CPU
		{D9D6E57C-09CA-4E0C-A7FC-7A25BE2B351E}.Release|Any CPU.ActiveCfg = Release|Any CPU
		{D9D6E57C-09CA-4E0C-A7FC-7A25BE2B351E}.Release|Any CPU.Build.0 = Release|Any CPU
		{EB1DC601-EA51-4B64-AC6D-18E98C4AC7DD}.Debug|Any CPU.ActiveCfg = Debug|Any CPU
		{EB1DC601-EA51-4B64-AC6D-18E98C4AC7DD}.Debug|Any CPU.Build.0 = Debug|Any CPU
		{EB1DC601-EA51-4B64-AC6D-18E98C4AC7DD}.Release|Any CPU.ActiveCfg = Release|Any CPU
		{EB1DC601-EA51-4B64-AC6D-18E98C4AC7DD}.Release|Any CPU.Build.0 = Release|Any CPU
	EndGlobalSection
EndGlobal
